
Microsoft Visual Studio Solution File, Format Version 12.00
# Visual Studio Version 16
VisualStudioVersion = 16.0.33801.447
MinimumVisualStudioVersion = 10.0.40219.1
Project("{FAE04EC0-301F-11D3-BF4B-00C04F79EFBC}") = "PRMasterServer", "PRMasterServer\PRMasterServer.csproj", "{64BC01A8-FCD2-4AB7-8811-3200F83AE124}"
EndProject
Global
	GlobalSection(SolutionConfigurationPlatforms) = preSolution
		Debug|Any CPU = Debug|Any CPU
		Debug|x64 = Debug|x64
		Debug|x86 = Debug|x86
		Release|Any CPU = Release|Any CPU
		Release|x64 = Release|x64
		Release|x86 = Release|x86
	EndGlobalSection
	GlobalSection(ProjectConfigurationPlatforms) = postSolution
		{64BC01A8-FCD2-4AB7-8811-3200F83AE124}.Debug|Any CPU.ActiveCfg = Debug|Any CPU
		{64BC01A8-FCD2-4AB7-8811-3200F83AE124}.Debug|Any CPU.Build.0 = Debug|Any CPU
		{64BC01A8-FCD2-4AB7-8811-3200F83AE124}.Debug|x64.ActiveCfg = Debug|x64
		{64BC01A8-FCD2-4AB7-8811-3200F83AE124}.Debug|x64.Build.0 = Debug|x64
		{64BC01A8-FCD2-4AB7-8811-3200F83AE124}.Debug|x86.ActiveCfg = Debug|x86
		{64BC01A8-FCD2-4AB7-8811-3200F83AE124}.Debug|x86.Build.0 = Debug|x86
		{64BC01A8-FCD2-4AB7-8811-3200F83AE124}.Release|Any CPU.ActiveCfg = Release|Any CPU
		{64BC01A8-FCD2-4AB7-8811-3200F83AE124}.Release|Any CPU.Build.0 = Release|Any CPU
		{64BC01A8-FCD2-4AB7-8811-3200F83AE124}.Release|x64.ActiveCfg = Release|x64
		{64BC01A8-FCD2-4AB7-8811-3200F83AE124}.Release|x64.Build.0 = Release|x64
		{64BC01A8-FCD2-4AB7-8811-3200F83AE124}.Release|x86.ActiveCfg = Release|x86
		{64BC01A8-FCD2-4AB7-8811-3200F83AE124}.Release|x86.Build.0 = Release|x86
	EndGlobalSection
	GlobalSection(SolutionProperties) = preSolution
		HideSolutionNode = FALSE
	EndGlobalSection
	GlobalSection(ExtensibilityGlobals) = postSolution
		SolutionGuid = {E3E14805-AF68-4B0C-9E37-B43E1C404C1F}
	EndGlobalSection
EndGlobal
